# This file is automatically @generated by Cargo.
# It is not intended for manual editing.
version = 4

[[package]]
name = "bell_qmc_tfim_1d"
version = "0.1.0"
dependencies = [
 "prng_mt",
]

[[package]]
name = "prng_mt"
version = "0.1.0"
source = "registry+https://github.com/rust-lang/crates.io-index"
checksum = "c102f2e5b3db881172fe001d9956cd07aa9f8a37ed366497032e61abed01c937"
